
Microsoft Visual Studio Solution File, Format Version 12.00
# Visual Studio Version 16
VisualStudioVersion = 16.0.31025.194
MinimumVisualStudioVersion = 10.0.40219.1
Project("{FAE04EC0-301F-11D3-BF4B-00C04F79EFBC}") = "DifferentialEquations", "DifferentialEquations.csproj", "{B83275D9-DDA8-457F-A1F1-46D1262FB136}"
EndProject
Global
	GlobalSection(SolutionConfigurationPlatforms) = preSolution
		Debug|Any CPU = Debug|Any CPU
		Release|Any CPU = Release|Any CPU
	EndGlobalSection
	GlobalSection(ProjectConfigurationPlatforms) = postSolution
		{B83275D9-DDA8-457F-A1F1-46D1262FB136}.Debug|Any CPU.ActiveCfg = Debug|Any CPU
		{B83275D9-DDA8-457F-A1F1-46D1262FB136}.Debug|Any CPU.Build.0 = Debug|Any CPU
		{B83275D9-DDA8-457F-A1F1-46D1262FB136}.Release|Any CPU.ActiveCfg = Release|Any CPU
		{B83275D9-DDA8-457F-A1F1-46D1262FB136}.Release|Any CPU.Build.0 = Release|Any CPU
	EndGlobalSection
	GlobalSection(SolutionProperties) = preSolution
		HideSolutionNode = FALSE
	EndGlobalSection
	GlobalSection(ExtensibilityGlobals) = postSolution
		SolutionGuid = {7C6C24B2-B070-4D77-9BE9-21F681D91B9C}
	EndGlobalSection
EndGlobal
